// !$*UTF8*$!
{
	archiveVersion = 1;
	classes = {
	};
	objectVersion = 56;
	objects = {

/* Begin PBXBuildFile section */
		125F84742AFC59A700CCC2AF /* HITONOTEApp.swift in Sources */ = {isa = PBXBuildFile; fileRef = 125F84732AFC59A700CCC2AF /* HITONOTEApp.swift */; };
		125F84762AFC59A700CCC2AF /* ContentView.swift in Sources */ = {isa = PBXBuildFile; fileRef = 125F84752AFC59A700CCC2AF /* ContentView.swift */; };
		125F84782AFC59A800CCC2AF /* Assets.xcassets in Resources */ = {isa = PBXBuildFile; fileRef = 125F84772AFC59A800CCC2AF /* Assets.xcassets */; };
		125F847B2AFC59A800CCC2AF /* Preview Assets.xcassets in Resources */ = {isa = PBXBuildFile; fileRef = 125F847A2AFC59A800CCC2AF /* Preview Assets.xcassets */; };
		12C8D94F2AFC5B5C009EDD14 /* Localizable.strings in Resources */ = {isa = PBXBuildFile; fileRef = 12C8D9512AFC5B5C009EDD14 /* Localizable.strings */; };
		12C8D9542AFC5CF7009EDD14 /* GoogleService-Info.plist in Resources */ = {isa = PBXBuildFile; fileRef = 12C8D9532AFC5CF7009EDD14 /* GoogleService-Info.plist */; };
		1FC43675BB5AE52F42AFBE92 /* Pods_HITONOTE.framework in Frameworks */ = {isa = PBXBuildFile; fileRef = AF993EE6375C1A3E52ACE692 /* Pods_HITONOTE.framework */; };
/* End PBXBuildFile section */

/* Begin PBXFileReference section */
		125F84702AFC59A700CCC2AF /* HITONOTE.app */ = {isa = PBXFileReference; explicitFileType = wrapper.application; includeInIndex = 0; path = HITONOTE.app; sourceTree = BUILT_PRODUCTS_DIR; };
		125F84732AFC59A700CCC2AF /* HITONOTEApp.swift */ = {isa = PBXFileReference; lastKnownFileType = sourcecode.swift; path = HITONOTEApp.swift; sourceTree = "<group>"; };
		125F84752AFC59A700CCC2AF /* ContentView.swift */ = {isa = PBXFileReference; lastKnownFileType = sourcecode.swift; path = ContentView.swift; sourceTree = "<group>"; };
		125F84772AFC59A800CCC2AF /* Assets.xcassets */ = {isa = PBXFileReference; lastKnownFileType = folder.assetcatalog; path = Assets.xcassets; sourceTree = "<group>"; };
		125F847A2AFC59A800CCC2AF /* Preview Assets.xcassets */ = {isa = PBXFileReference; lastKnownFileType = folder.assetcatalog; path = "Preview Assets.xcassets"; sourceTree = "<group>"; };
		12C8D9502AFC5B5C009EDD14 /* en */ = {isa = PBXFileReference; lastKnownFileType = text.plist.strings; name = en; path = en.lproj/Localizable.strings; sourceTree = "<group>"; };
		12C8D9522AFC5B7B009EDD14 /* ja */ = {isa = PBXFileReference; lastKnownFileType = text.plist.strings; name = ja; path = ja.lproj/Localizable.strings; sourceTree = "<group>"; };
		12C8D9532AFC5CF7009EDD14 /* GoogleService-Info.plist */ = {isa = PBXFileReference; lastKnownFileType = text.plist; path = "GoogleService-Info.plist"; sourceTree = SOURCE_ROOT; };
		12C8D9552AFC5EE1009EDD14 /* Info.plist */ = {isa = PBXFileReference; lastKnownFileType = text.plist; path = Info.plist; sourceTree = "<group>"; };
		A60932F73774839E2C0AB7FF /* Pods-HITONOTE.debug.xcconfig */ = {isa = PBXFileReference; includeInIndex = 1; lastKnownFileType = text.xcconfig; name = "Pods-HITONOTE.debug.xcconfig"; path = "Target Support Files/Pods-HITONOTE/Pods-HITONOTE.debug.xcconfig"; sourceTree = "<group>"; };
		AF993EE6375C1A3E52ACE692 /* Pods_HITONOTE.framework */ = {isa = PBXFileReference; explicitFileType = wrapper.framework; includeInIndex = 0; path = Pods_HITONOTE.framework; sourceTree = BUILT_PRODUCTS_DIR; };
		B57BEEAB91599A7C4E5DBE43 /* Pods-HITONOTE.release.xcconfig */ = {isa = PBXFileReference; includeInIndex = 1; lastKnownFileType = text.xcconfig; name = "Pods-HITONOTE.release.xcconfig"; path = "Target Support Files/Pods-HITONOTE/Pods-HITONOTE.release.xcconfig"; sourceTree = "<group>"; };
/* End PBXFileReference section */

/* Begin PBXFrameworksBuildPhase section */
		125F846D2AFC59A700CCC2AF /* Frameworks */ = {
			isa = PBXFrameworksBuildPhase;
			buildActionMask = 2147483647;
			files = (
				1FC43675BB5AE52F42AFBE92 /* Pods_HITONOTE.framework in Frameworks */,
			);
			runOnlyForDeploymentPostprocessing = 0;
		};
/* End PBXFrameworksBuildPhase section */

/* Begin PBXGroup section */
		125F84672AFC59A700CCC2AF = {
			isa = PBXGroup;
			children = (
				125F84722AFC59A700CCC2AF /* HITONOTE */,
				125F84712AFC59A700CCC2AF /* Products */,
				BF7A7F7A7353530EAE43050C /* Pods */,
				2794C67DB28B81E143A8EFB1 /* Frameworks */,
			);
			sourceTree = "<group>";
		};
		125F84712AFC59A700CCC2AF /* Products */ = {
			isa = PBXGroup;
			children = (
				125F84702AFC59A700CCC2AF /* HITONOTE.app */,
			);
			name = Products;
			sourceTree = "<group>";
		};
		125F84722AFC59A700CCC2AF /* HITONOTE */ = {
			isa = PBXGroup;
			children = (
				12C8D9552AFC5EE1009EDD14 /* Info.plist */,
				12C8D9532AFC5CF7009EDD14 /* GoogleService-Info.plist */,
				12C8D94C2AFC5B24009EDD14 /* Generated */,
				12C8D94A2AFC5AF4009EDD14 /* Resources */,
				12C8D94B2AFC5AFB009EDD14 /* View */,
				125F84792AFC59A800CCC2AF /* Preview Content */,
			);
			path = HITONOTE;
			sourceTree = "<group>";
		};
		125F84792AFC59A800CCC2AF /* Preview Content */ = {
			isa = PBXGroup;
			children = (
				125F847A2AFC59A800CCC2AF /* Preview Assets.xcassets */,
			);
			path = "Preview Content";
			sourceTree = "<group>";
		};
		12C8D94A2AFC5AF4009EDD14 /* Resources */ = {
			isa = PBXGroup;
			children = (
				125F84772AFC59A800CCC2AF /* Assets.xcassets */,
				12C8D9512AFC5B5C009EDD14 /* Localizable.strings */,
			);
			path = Resources;
			sourceTree = "<group>";
		};
		12C8D94B2AFC5AFB009EDD14 /* View */ = {
			isa = PBXGroup;
			children = (
				125F84732AFC59A700CCC2AF /* HITONOTEApp.swift */,
				125F84752AFC59A700CCC2AF /* ContentView.swift */,
			);
			path = View;
			sourceTree = "<group>";
		};
		12C8D94C2AFC5B24009EDD14 /* Generated */ = {
			isa = PBXGroup;
			children = (
			);
			path = Generated;
			sourceTree = "<group>";
		};
		2794C67DB28B81E143A8EFB1 /* Frameworks */ = {
			isa = PBXGroup;
			children = (
				AF993EE6375C1A3E52ACE692 /* Pods_HITONOTE.framework */,
			);
			name = Frameworks;
			sourceTree = "<group>";
		};
		BF7A7F7A7353530EAE43050C /* Pods */ = {
			isa = PBXGroup;
			children = (
				A60932F73774839E2C0AB7FF /* Pods-HITONOTE.debug.xcconfig */,
				B57BEEAB91599A7C4E5DBE43 /* Pods-HITONOTE.release.xcconfig */,
			);
			path = Pods;
			sourceTree = "<group>";
		};
/* End PBXGroup section */

/* Begin PBXNativeTarget section */
		125F846F2AFC59A700CCC2AF /* HITONOTE */ = {
			isa = PBXNativeTarget;
			buildConfigurationList = 125F847E2AFC59A800CCC2AF /* Build configuration list for PBXNativeTarget "HITONOTE" */;
			buildPhases = (
				D1BCC4DC21C37C8E5E9D27A3 /* [CP] Check Pods Manifest.lock */,
				125F846C2AFC59A700CCC2AF /* Sources */,
				125F846D2AFC59A700CCC2AF /* Frameworks */,
				125F846E2AFC59A700CCC2AF /* Resources */,
				95355664FBA0850EA7B322E2 /* [CP] Embed Pods Frameworks */,
			);
			buildRules = (
			);
			dependencies = (
			);
			name = HITONOTE;
			productName = HITONOTE;
			productReference = 125F84702AFC59A700CCC2AF /* HITONOTE.app */;
			productType = "com.apple.product-type.application";
		};
/* End PBXNativeTarget section */

/* Begin PBXProject section */
		125F84682AFC59A700CCC2AF /* Project object */ = {
			isa = PBXProject;
			attributes = {
				BuildIndependentTargetsInParallel = 1;
				LastSwiftUpdateCheck = 1500;
				LastUpgradeCheck = 1500;
				TargetAttributes = {
					125F846F2AFC59A700CCC2AF = {
						CreatedOnToolsVersion = 15.0.1;
					};
				};
			};
			buildConfigurationList = 125F846B2AFC59A700CCC2AF /* Build configuration list for PBXProject "HITONOTE" */;
			compatibilityVersion = "Xcode 14.0";
			developmentRegion = en;
			hasScannedForEncodings = 0;
			knownRegions = (
				en,
				Base,
				ja,
			);
			mainGroup = 125F84672AFC59A700CCC2AF;
			productRefGroup = 125F84712AFC59A700CCC2AF /* Products */;
			projectDirPath = "";
			projectRoot = "";
			targets = (
				125F846F2AFC59A700CCC2AF /* HITONOTE */,
			);
		};
/* End PBXProject section */

/* Begin PBXResourcesBuildPhase section */
		125F846E2AFC59A700CCC2AF /* Resources */ = {
			isa = PBXResourcesBuildPhase;
			buildActionMask = 2147483647;
			files = (
				125F847B2AFC59A800CCC2AF /* Preview Assets.xcassets in Resources */,
				12C8D9542AFC5CF7009EDD14 /* GoogleService-Info.plist in Resources */,
				12C8D94F2AFC5B5C009EDD14 /* Localizable.strings in Resources */,
				125F84782AFC59A800CCC2AF /* Assets.xcassets in Resources */,
			);
			runOnlyForDeploymentPostprocessing = 0;
		};
/* End PBXResourcesBuildPhase section */

/* Begin PBXShellScriptBuildPhase section */
		95355664FBA0850EA7B322E2 /* [CP] Embed Pods Frameworks */ = {
			isa = PBXShellScriptBuildPhase;
			buildActionMask = 2147483647;
			files = (
			);
			inputFileListPaths = (
				"${PODS_ROOT}/Target Support Files/Pods-HITONOTE/Pods-HITONOTE-frameworks-${CONFIGURATION}-input-files.xcfilelist",
			);
			name = "[CP] Embed Pods Frameworks";
			outputFileListPaths = (
				"${PODS_ROOT}/Target Support Files/Pods-HITONOTE/Pods-HITONOTE-frameworks-${CONFIGURATION}-output-files.xcfilelist",
			);
			runOnlyForDeploymentPostprocessing = 0;
			shellPath = /bin/sh;
			shellScript = "\"${PODS_ROOT}/Target Support Files/Pods-HITONOTE/Pods-HITONOTE-frameworks.sh\"\n";
			showEnvVarsInLog = 0;
		};
		D1BCC4DC21C37C8E5E9D27A3 /* [CP] Check Pods Manifest.lock */ = {
			isa = PBXShellScriptBuildPhase;
			buildActionMask = 2147483647;
			files = (
			);
			inputFileListPaths = (
			);
			inputPaths = (
				"${PODS_PODFILE_DIR_PATH}/Podfile.lock",
				"${PODS_ROOT}/Manifest.lock",
			);
			name = "[CP] Check Pods Manifest.lock";
			outputFileListPaths = (
			);
			outputPaths = (
				"$(DERIVED_FILE_DIR)/Pods-HITONOTE-checkManifestLockResult.txt",
			);
			runOnlyForDeploymentPostprocessing = 0;
			shellPath = /bin/sh;
			shellScript = "diff \"${PODS_PODFILE_DIR_PATH}/Podfile.lock\" \"${PODS_ROOT}/Manifest.lock\" > /dev/null\nif [ $? != 0 ] ; then\n    # print error to STDERR\n    echo \"error: The sandbox is not in sync with the Podfile.lock. Run 'pod install' or update your CocoaPods installation.\" >&2\n    exit 1\nfi\n# This output is used by Xcode 'outputs' to avoid re-running this script phase.\necho \"SUCCESS\" > \"${SCRIPT_OUTPUT_FILE_0}\"\n";
			showEnvVarsInLog = 0;
		};
/* End PBXShellScriptBuildPhase section */

/* Begin PBXSourcesBuildPhase section */
		125F846C2AFC59A700CCC2AF /* Sources */ = {
			isa = PBXSourcesBuildPhase;
			buildActionMask = 2147483647;
			files = (
				125F84762AFC59A700CCC2AF /* ContentView.swift in Sources */,
				125F84742AFC59A700CCC2AF /* HITONOTEApp.swift in Sources */,
			);
			runOnlyForDeploymentPostprocessing = 0;
		};
/* End PBXSourcesBuildPhase section */

/* Begin PBXVariantGroup section */
		12C8D9512AFC5B5C009EDD14 /* Localizable.strings */ = {
			isa = PBXVariantGroup;
			children = (
				12C8D9502AFC5B5C009EDD14 /* en */,
				12C8D9522AFC5B7B009EDD14 /* ja */,
			);
			name = Localizable.strings;
			sourceTree = "<group>";
		};
/* End PBXVariantGroup section */

/* Begin XCBuildConfiguration section */
		125F847C2AFC59A800CCC2AF /* Debug */ = {
			isa = XCBuildConfiguration;
			buildSettings = {
				ALWAYS_SEARCH_USER_PATHS = NO;
				ASSETCATALOG_COMPILER_GENERATE_SWIFT_ASSET_SYMBOL_EXTENSIONS = YES;
				CLANG_ANALYZER_LOCALIZABILITY_NONLOCALIZED = YES;
				CLANG_ANALYZER_NONNULL = YES;
				CLANG_ANALYZER_NUMBER_OBJECT_CONVERSION = YES_AGGRESSIVE;
				CLANG_CXX_LANGUAGE_STANDARD = "gnu++20";
				CLANG_ENABLE_MODULES = YES;
				CLANG_ENABLE_OBJC_ARC = YES;
				CLANG_ENABLE_OBJC_WEAK = YES;
				CLANG_WARN_BLOCK_CAPTURE_AUTORELEASING = YES;
				CLANG_WARN_BOOL_CONVERSION = YES;
				CLANG_WARN_COMMA = YES;
				CLANG_WARN_CONSTANT_CONVERSION = YES;
				CLANG_WARN_DEPRECATED_OBJC_IMPLEMENTATIONS = YES;
				CLANG_WARN_DIRECT_OBJC_ISA_USAGE = YES_ERROR;
				CLANG_WARN_DOCUMENTATION_COMMENTS = YES;
				CLANG_WARN_EMPTY_BODY = YES;
				CLANG_WARN_ENUM_CONVERSION = YES;
				CLANG_WARN_INFINITE_RECURSION = YES;
				CLANG_WARN_INT_CONVERSION = YES;
				CLANG_WARN_NON_LITERAL_NULL_CONVERSION = YES;
				CLANG_WARN_OBJC_IMPLICIT_RETAIN_SELF = YES;
				CLANG_WARN_OBJC_LITERAL_CONVERSION = YES;
				CLANG_WARN_OBJC_ROOT_CLASS = YES_ERROR;
				CLANG_WARN_QUOTED_INCLUDE_IN_FRAMEWORK_HEADER = YES;
				CLANG_WARN_RANGE_LOOP_ANALYSIS = YES;
				CLANG_WARN_STRICT_PROTOTYPES = YES;
				CLANG_WARN_SUSPICIOUS_MOVE = YES;
				CLANG_WARN_UNGUARDED_AVAILABILITY = YES_AGGRESSIVE;
				CLANG_WARN_UNREACHABLE_CODE = YES;
				CLANG_WARN__DUPLICATE_METHOD_MATCH = YES;
				COPY_PHASE_STRIP = NO;
				DEBUG_INFORMATION_FORMAT = dwarf;
				ENABLE_STRICT_OBJC_MSGSEND = YES;
				ENABLE_TESTABILITY = YES;
				ENABLE_USER_SCRIPT_SANDBOXING = YES;
				GCC_C_LANGUAGE_STANDARD = gnu17;
				GCC_DYNAMIC_NO_PIC = NO;
				GCC_NO_COMMON_BLOCKS = YES;
				GCC_OPTIMIZATION_LEVEL = 0;
				GCC_PREPROCESSOR_DEFINITIONS = (
					"DEBUG=1",
					"$(inherited)",
				);
				GCC_WARN_64_TO_32_BIT_CONVERSION = YES;
				GCC_WARN_ABOUT_RETURN_TYPE = YES_ERROR;
				GCC_WARN_UNDECLARED_SELECTOR = YES;
				GCC_WARN_UNINITIALIZED_AUTOS = YES_AGGRESSIVE;
				GCC_WARN_UNUSED_FUNCTION = YES;
				GCC_WARN_UNUSED_VARIABLE = YES;
				IPHONEOS_DEPLOYMENT_TARGET = 17.0;
				LOCALIZATION_PREFERS_STRING_CATALOGS = YES;
				MTL_ENABLE_DEBUG_INFO = INCLUDE_SOURCE;
				MTL_FAST_MATH = YES;
				ONLY_ACTIVE_ARCH = YES;
				SDKROOT = iphoneos;
				SWIFT_ACTIVE_COMPILATION_CONDITIONS = "DEBUG $(inherited)";
				SWIFT_OPTIMIZATION_LEVEL = "-Onone";
			};
			name = Debug;
		};
		125F847D2AFC59A800CCC2AF /* Release */ = {
			isa = XCBuildConfiguration;
			buildSettings = {
				ALWAYS_SEARCH_USER_PATHS = NO;
				ASSETCATALOG_COMPILER_GENERATE_SWIFT_ASSET_SYMBOL_EXTENSIONS = YES;
				CLANG_ANALYZER_LOCALIZABILITY_NONLOCALIZED = YES;
				CLANG_ANALYZER_NONNULL = YES;
				CLANG_ANALYZER_NUMBER_OBJECT_CONVERSION = YES_AGGRESSIVE;
				CLANG_CXX_LANGUAGE_STANDARD = "gnu++20";
				CLANG_ENABLE_MODULES = YES;
				CLANG_ENABLE_OBJC_ARC = YES;
				CLANG_ENABLE_OBJC_WEAK = YES;
				CLANG_WARN_BLOCK_CAPTURE_AUTORELEASING = YES;
				CLANG_WARN_BOOL_CONVERSION = YES;
				CLANG_WARN_COMMA = YES;
				CLANG_WARN_CONSTANT_CONVERSION = YES;
				CLANG_WARN_DEPRECATED_OBJC_IMPLEMENTATIONS = YES;
				CLANG_WARN_DIRECT_OBJC_ISA_USAGE = YES_ERROR;
				CLANG_WARN_DOCUMENTATION_COMMENTS = YES;
				CLANG_WARN_EMPTY_BODY = YES;
				CLANG_WARN_ENUM_CONVERSION = YES;
				CLANG_WARN_INFINITE_RECURSION = YES;
				CLANG_WARN_INT_CONVERSION = YES;
				CLANG_WARN_NON_LITERAL_NULL_CONVERSION = YES;
				CLANG_WARN_OBJC_IMPLICIT_RETAIN_SELF = YES;
				CLANG_WARN_OBJC_LITERAL_CONVERSION = YES;
				CLANG_WARN_OBJC_ROOT_CLASS = YES_ERROR;
				CLANG_WARN_QUOTED_INCLUDE_IN_FRAMEWORK_HEADER = YES;
				CLANG_WARN_RANGE_LOOP_ANALYSIS = YES;
				CLANG_WARN_STRICT_PROTOTYPES = YES;
				CLANG_WARN_SUSPICIOUS_MOVE = YES;
				CLANG_WARN_UNGUARDED_AVAILABILITY = YES_AGGRESSIVE;
				CLANG_WARN_UNREACHABLE_CODE = YES;
				CLANG_WARN__DUPLICATE_METHOD_MATCH = YES;
				COPY_PHASE_STRIP = NO;
				DEBUG_INFORMATION_FORMAT = "dwarf-with-dsym";
				ENABLE_NS_ASSERTIONS = NO;
				ENABLE_STRICT_OBJC_MSGSEND = YES;
				ENABLE_USER_SCRIPT_SANDBOXING = YES;
				GCC_C_LANGUAGE_STANDARD = gnu17;
				GCC_NO_COMMON_BLOCKS = YES;
				GCC_WARN_64_TO_32_BIT_CONVERSION = YES;
				GCC_WARN_ABOUT_RETURN_TYPE = YES_ERROR;
				GCC_WARN_UNDECLARED_SELECTOR = YES;
				GCC_WARN_UNINITIALIZED_AUTOS = YES_AGGRESSIVE;
				GCC_WARN_UNUSED_FUNCTION = YES;
				GCC_WARN_UNUSED_VARIABLE = YES;
				IPHONEOS_DEPLOYMENT_TARGET = 17.0;
				LOCALIZATION_PREFERS_STRING_CATALOGS = YES;
				MTL_ENABLE_DEBUG_INFO = NO;
				MTL_FAST_MATH = YES;
				SDKROOT = iphoneos;
				SWIFT_COMPILATION_MODE = wholemodule;
				VALIDATE_PRODUCT = YES;
			};
			name = Release;
		};
		125F847F2AFC59A800CCC2AF /* Debug */ = {
			isa = XCBuildConfiguration;
			baseConfigurationReference = A60932F73774839E2C0AB7FF /* Pods-HITONOTE.debug.xcconfig */;
			buildSettings = {
				ASSETCATALOG_COMPILER_APPICON_NAME = AppIcon;
				ASSETCATALOG_COMPILER_GLOBAL_ACCENT_COLOR_NAME = AccentColor;
				CODE_SIGN_STYLE = Automatic;
				CURRENT_PROJECT_VERSION = 1;
				DEVELOPMENT_ASSET_PATHS = "\"HITONOTE/Preview Content\"";
				DEVELOPMENT_TEAM = CGD79LB65H;
				ENABLE_PREVIEWS = YES;
				ENABLE_USER_SCRIPT_SANDBOXING = NO;
				GENERATE_INFOPLIST_FILE = YES;
				INFOPLIST_FILE = HITONOTE/Info.plist;
				INFOPLIST_KEY_UIApplicationSceneManifest_Generation = YES;
				INFOPLIST_KEY_UIApplicationSupportsIndirectInputEvents = YES;
				INFOPLIST_KEY_UILaunchScreen_Generation = YES;
				INFOPLIST_KEY_UISupportedInterfaceOrientations = UIInterfaceOrientationPortrait;
				INFOPLIST_KEY_UISupportedInterfaceOrientations_iPad = "UIInterfaceOrientationLandscapeLeft UIInterfaceOrientationLandscapeRight UIInterfaceOrientationPortrait UIInterfaceOrientationPortraitUpsideDown";
				IPHONEOS_DEPLOYMENT_TARGET = 16.0;
				LD_RUNPATH_SEARCH_PATHS = (
					"$(inherited)",
					"@executable_path/Frameworks",
				);
				MARKETING_VERSION = 1.0;
				PRODUCT_BUNDLE_IDENTIFIER = com.ame.HITONOTE;
				PRODUCT_NAME = "$(TARGET_NAME)";
				SWIFT_EMIT_LOC_STRINGS = YES;
				SWIFT_VERSION = 5.0;
				TARGETED_DEVICE_FAMILY = "1,2";
			};
			name = Debug;
		};
		125F84802AFC59A800CCC2AF /* Release */ = {
			isa = XCBuildConfiguration;
			baseConfigurationReference = B57BEEAB91599A7C4E5DBE43 /* Pods-HITONOTE.release.xcconfig */;
			buildSettings = {
				ASSETCATALOG_COMPILER_APPICON_NAME = AppIcon;
				ASSETCATALOG_COMPILER_GLOBAL_ACCENT_COLOR_NAME = AccentColor;
				CODE_SIGN_STYLE = Automatic;
				CURRENT_PROJECT_VERSION = 1;
				DEVELOPMENT_ASSET_PATHS = "\"HITONOTE/Preview Content\"";
				DEVELOPMENT_TEAM = CGD79LB65H;
				ENABLE_PREVIEWS = YES;
				ENABLE_USER_SCRIPT_SANDBOXING = NO;
				GENERATE_INFOPLIST_FILE = YES;
				INFOPLIST_FILE = HITONOTE/Info.plist;
				INFOPLIST_KEY_UIApplicationSceneManifest_Generation = YES;
				INFOPLIST_KEY_UIApplicationSupportsIndirectInputEvents = YES;
				INFOPLIST_KEY_UILaunchScreen_Generation = YES;
				INFOPLIST_KEY_UISupportedInterfaceOrientations = UIInterfaceOrientationPortrait;
				INFOPLIST_KEY_UISupportedInterfaceOrientations_iPad = "UIInterfaceOrientationLandscapeLeft UIInterfaceOrientationLandscapeRight UIInterfaceOrientationPortrait UIInterfaceOrientationPortraitUpsideDown";
				IPHONEOS_DEPLOYMENT_TARGET = 16.0;
				LD_RUNPATH_SEARCH_PATHS = (
					"$(inherited)",
					"@executable_path/Frameworks",
				);
				MARKETING_VERSION = 1.0;
				PRODUCT_BUNDLE_IDENTIFIER = com.ame.HITONOTE;
				PRODUCT_NAME = "$(TARGET_NAME)";
				SWIFT_EMIT_LOC_STRINGS = YES;
				SWIFT_VERSION = 5.0;
				TARGETED_DEVICE_FAMILY = "1,2";
			};
			name = Release;
		};
/* End XCBuildConfiguration section */

/* Begin XCConfigurationList section */
		125F846B2AFC59A700CCC2AF /* Build configuration list for PBXProject "HITONOTE" */ = {
			isa = XCConfigurationList;
			buildConfigurations = (
				125F847C2AFC59A800CCC2AF /* Debug */,
				125F847D2AFC59A800CCC2AF /* Release */,
			);
			defaultConfigurationIsVisible = 0;
			defaultConfigurationName = Release;
		};
		125F847E2AFC59A800CCC2AF /* Build configuration list for PBXNativeTarget "HITONOTE" */ = {
			isa = XCConfigurationList;
			buildConfigurations = (
				125F847F2AFC59A800CCC2AF /* Debug */,
				125F84802AFC59A800CCC2AF /* Release */,
			);
			defaultConfigurationIsVisible = 0;
			defaultConfigurationName = Release;
		};
/* End XCConfigurationList section */
	};
	rootObject = 125F84682AFC59A700CCC2AF /* Project object */;
}
